
Microsoft Visual Studio Solution File, Format Version 12.00
# Visual Studio 2012
Project("{8BC9CEB8-8B4A-11D0-8D11-00A0C91BC942}") = "evoProjects", "evoProjects\evoProjects.vcxproj", "{E84CED5A-E294-43FA-AE73-5F896AB0177E}"
EndProject
Global
	GlobalSection(SolutionConfigurationPlatforms) = preSolution
		Debug|Win32 = Debug|Win32
		Release|Win32 = Release|Win32
	EndGlobalSection
	GlobalSection(ProjectConfigurationPlatforms) = postSolution
		{E84CED5A-E294-43FA-AE73-5F896AB0177E}.Debug|Win32.ActiveCfg = Debug|Win32
		{E84CED5A-E294-43FA-AE73-5F896AB0177E}.Debug|Win32.Build.0 = Debug|Win32
		{E84CED5A-E294-43FA-AE73-5F896AB0177E}.Release|Win32.ActiveCfg = Release|Win32
		{E84CED5A-E294-43FA-AE73-5F896AB0177E}.Release|Win32.Build.0 = Release|Win32
	EndGlobalSection
	GlobalSection(SolutionProperties) = preSolution
		HideSolutionNode = FALSE
	EndGlobalSection
EndGlobal
